
Microsoft Visual Studio Solution File, Format Version 12.00
# Visual Studio Version 17
VisualStudioVersion = 17.4.33122.133
MinimumVisualStudioVersion = 10.0.40219.1
Project("{FAE04EC0-301F-11D3-BF4B-00C04F79EFBC}") = "ConsoleApp1", "ConsoleApp1\ConsoleApp1.csproj", "{EC897434-4ED3-446E-9A16-5A15084111DB}"
EndProject
Global
	GlobalSection(SolutionConfigurationPlatforms) = preSolution
		Debug|Any CPU = Debug|Any CPU
		Release|Any CPU = Release|Any CPU
	EndGlobalSection
	GlobalSection(ProjectConfigurationPlatforms) = postSolution
		{EC897434-4ED3-446E-9A16-5A15084111DB}.Debug|Any CPU.ActiveCfg = Debug|Any CPU
		{EC897434-4ED3-446E-9A16-5A15084111DB}.Debug|Any CPU.Build.0 = Debug|Any CPU
		{EC897434-4ED3-446E-9A16-5A15084111DB}.Release|Any CPU.ActiveCfg = Release|Any CPU
		{EC897434-4ED3-446E-9A16-5A15084111DB}.Release|Any CPU.Build.0 = Release|Any CPU
	EndGlobalSection
	GlobalSection(SolutionProperties) = preSolution
		HideSolutionNode = FALSE
	EndGlobalSection
	GlobalSection(ExtensibilityGlobals) = postSolution
		SolutionGuid = {A50E45EA-F23E-4393-9336-35DFF202DF3B}
	EndGlobalSection
EndGlobal
